
Microsoft Visual Studio Solution File, Format Version 12.00
# Visual Studio Version 16
VisualStudioVersion = 16.0.30204.135
MinimumVisualStudioVersion = 10.0.40219.1
Project("{FAE04EC0-301F-11D3-BF4B-00C04F79EFBC}") = "MovieDataBase.Android", "MovieDataBase\MovieDataBase.Android\MovieDataBase.Android.csproj", "{8F7AAA4F-FEDA-42DC-8A78-3C1E1891E805}"
EndProject
Project("{FAE04EC0-301F-11D3-BF4B-00C04F79EFBC}") = "MovieDataBase", "MovieDataBase\MovieDataBase\MovieDataBase.csproj", "{1F2CCE37-6E68-4519-8D16-122C63B501C3}"
EndProject
Global
	GlobalSection(SolutionConfigurationPlatforms) = preSolution
		Debug|Any CPU = Debug|Any CPU
		Release|Any CPU = Release|Any CPU
	EndGlobalSection
	GlobalSection(ProjectConfigurationPlatforms) = postSolution
		{8F7AAA4F-FEDA-42DC-8A78-3C1E1891E805}.Debug|Any CPU.ActiveCfg = Debug|Any CPU
		{8F7AAA4F-FEDA-42DC-8A78-3C1E1891E805}.Debug|Any CPU.Build.0 = Debug|Any CPU
		{8F7AAA4F-FEDA-42DC-8A78-3C1E1891E805}.Debug|Any CPU.Deploy.0 = Debug|Any CPU
		{8F7AAA4F-FEDA-42DC-8A78-3C1E1891E805}.Release|Any CPU.ActiveCfg = Release|Any CPU
		{8F7AAA4F-FEDA-42DC-8A78-3C1E1891E805}.Release|Any CPU.Build.0 = Release|Any CPU
		{8F7AAA4F-FEDA-42DC-8A78-3C1E1891E805}.Release|Any CPU.Deploy.0 = Release|Any CPU
		{1F2CCE37-6E68-4519-8D16-122C63B501C3}.Debug|Any CPU.ActiveCfg = Debug|Any CPU
		{1F2CCE37-6E68-4519-8D16-122C63B501C3}.Debug|Any CPU.Build.0 = Debug|Any CPU
		{1F2CCE37-6E68-4519-8D16-122C63B501C3}.Debug|Any CPU.Deploy.0 = Debug|Any CPU
		{1F2CCE37-6E68-4519-8D16-122C63B501C3}.Release|Any CPU.ActiveCfg = Release|Any CPU
		{1F2CCE37-6E68-4519-8D16-122C63B501C3}.Release|Any CPU.Build.0 = Release|Any CPU
		{1F2CCE37-6E68-4519-8D16-122C63B501C3}.Release|Any CPU.Deploy.0 = Release|Any CPU
	EndGlobalSection
	GlobalSection(SolutionProperties) = preSolution
		HideSolutionNode = FALSE
	EndGlobalSection
	GlobalSection(ExtensibilityGlobals) = postSolution
		SolutionGuid = {ECAC0148-62AC-48B3-8260-421642FDDC7C}
	EndGlobalSection
EndGlobal
