
Microsoft Visual Studio Solution File, Format Version 12.00
# Visual Studio 15
VisualStudioVersion = 15.0.28010.2048
MinimumVisualStudioVersion = 10.0.40219.1
Project("{FAE04EC0-301F-11D3-BF4B-00C04F79EFBC}") = "A.BarSimulator", "A.BarSimulator\A.BarSimulator.csproj", "{55479E41-1517-41E6-9D3F-9AF9C9A8B0AD}"
EndProject
Project("{FAE04EC0-301F-11D3-BF4B-00C04F79EFBC}") = "B.IntroToTasks", "B.IntroToTasks\B.IntroToTasks.csproj", "{5AE67986-1061-48B9-8CD3-CCD666032532}"
EndProject
Global
	GlobalSection(SolutionConfigurationPlatforms) = preSolution
		Debug|Any CPU = Debug|Any CPU
		Release|Any CPU = Release|Any CPU
	EndGlobalSection
	GlobalSection(ProjectConfigurationPlatforms) = postSolution
		{55479E41-1517-41E6-9D3F-9AF9C9A8B0AD}.Debug|Any CPU.ActiveCfg = Debug|Any CPU
		{55479E41-1517-41E6-9D3F-9AF9C9A8B0AD}.Debug|Any CPU.Build.0 = Debug|Any CPU
		{55479E41-1517-41E6-9D3F-9AF9C9A8B0AD}.Release|Any CPU.ActiveCfg = Release|Any CPU
		{55479E41-1517-41E6-9D3F-9AF9C9A8B0AD}.Release|Any CPU.Build.0 = Release|Any CPU
		{5AE67986-1061-48B9-8CD3-CCD666032532}.Debug|Any CPU.ActiveCfg = Debug|Any CPU
		{5AE67986-1061-48B9-8CD3-CCD666032532}.Debug|Any CPU.Build.0 = Debug|Any CPU
		{5AE67986-1061-48B9-8CD3-CCD666032532}.Release|Any CPU.ActiveCfg = Release|Any CPU
		{5AE67986-1061-48B9-8CD3-CCD666032532}.Release|Any CPU.Build.0 = Release|Any CPU
	EndGlobalSection
	GlobalSection(SolutionProperties) = preSolution
		HideSolutionNode = FALSE
	EndGlobalSection
	GlobalSection(ExtensibilityGlobals) = postSolution
		SolutionGuid = {A6AE83A7-FB10-4E52-994F-34BCC886F5B5}
	EndGlobalSection
EndGlobal
