
Microsoft Visual Studio Solution File, Format Version 12.00
# Visual Studio 15
VisualStudioVersion = 15.0.28010.2048
MinimumVisualStudioVersion = 10.0.40219.1
Project("{FAE04EC0-301F-11D3-BF4B-00C04F79EFBC}") = "ElevatorForBaseArea51.App", "ElevatorForBaseArea51.App\ElevatorForBaseArea51.App.csproj", "{9E74993C-DB05-42B5-8F42-7716F11FE573}"
EndProject
Project("{FAE04EC0-301F-11D3-BF4B-00C04F79EFBC}") = "ElevatorForBaseArea51.Data", "ElevatorForBaseArea51.Models\ElevatorForBaseArea51.Data.csproj", "{63590422-5D49-42BF-8F70-5C7F7D460F3B}"
EndProject
Global
	GlobalSection(SolutionConfigurationPlatforms) = preSolution
		Debug|Any CPU = Debug|Any CPU
		Release|Any CPU = Release|Any CPU
	EndGlobalSection
	GlobalSection(ProjectConfigurationPlatforms) = postSolution
		{9E74993C-DB05-42B5-8F42-7716F11FE573}.Debug|Any CPU.ActiveCfg = Debug|Any CPU
		{9E74993C-DB05-42B5-8F42-7716F11FE573}.Debug|Any CPU.Build.0 = Debug|Any CPU
		{9E74993C-DB05-42B5-8F42-7716F11FE573}.Release|Any CPU.ActiveCfg = Release|Any CPU
		{9E74993C-DB05-42B5-8F42-7716F11FE573}.Release|Any CPU.Build.0 = Release|Any CPU
		{63590422-5D49-42BF-8F70-5C7F7D460F3B}.Debug|Any CPU.ActiveCfg = Debug|Any CPU
		{63590422-5D49-42BF-8F70-5C7F7D460F3B}.Debug|Any CPU.Build.0 = Debug|Any CPU
		{63590422-5D49-42BF-8F70-5C7F7D460F3B}.Release|Any CPU.ActiveCfg = Release|Any CPU
		{63590422-5D49-42BF-8F70-5C7F7D460F3B}.Release|Any CPU.Build.0 = Release|Any CPU
	EndGlobalSection
	GlobalSection(SolutionProperties) = preSolution
		HideSolutionNode = FALSE
	EndGlobalSection
	GlobalSection(ExtensibilityGlobals) = postSolution
		SolutionGuid = {424F7E6C-A577-4393-9F51-82A971E1908F}
	EndGlobalSection
EndGlobal
